// !$*UTF8*$!
{
	archiveVersion = 1;
	classes = {
	};
	objectVersion = 56;
	objects = {

/* Begin PBXBuildFile section */
		432DD1E02A68871800A3EE39 /* InfoCard.swift in Sources */ = {isa = PBXBuildFile; fileRef = 432DD1DF2A68871800A3EE39 /* InfoCard.swift */; };
		432DD1E22A6887B700A3EE39 /* TrainInfoTab.swift in Sources */ = {isa = PBXBuildFile; fileRef = 432DD1E12A6887B700A3EE39 /* TrainInfoTab.swift */; };
		43BCD5652A654ECD00904162 /* TrainInfoView.swift in Sources */ = {isa = PBXBuildFile; fileRef = 43BCD5642A654ECD00904162 /* TrainInfoView.swift */; };
		43BCD56A2A6682D000904162 /* Constants.swift in Sources */ = {isa = PBXBuildFile; fileRef = 43BCD5692A6682D000904162 /* Constants.swift */; };
		4CABA6F42A6552A6005193C5 /* WelcomePageView.swift in Sources */ = {isa = PBXBuildFile; fileRef = 4CABA6F32A6552A6005193C5 /* WelcomePageView.swift */; };
		714BA63A2A6541C30055DDA7 /* ModelData.swift in Sources */ = {isa = PBXBuildFile; fileRef = 714BA6392A6541C30055DDA7 /* ModelData.swift */; };
		714BA63C2A65420B0055DDA7 /* ItemModelData.swift in Sources */ = {isa = PBXBuildFile; fileRef = 714BA63B2A65420B0055DDA7 /* ItemModelData.swift */; };
		714BA63F2A65562F0055DDA7 /* CustomButton.swift in Sources */ = {isa = PBXBuildFile; fileRef = 714BA63E2A65562F0055DDA7 /* CustomButton.swift */; };
		7150388F2A6648C800907C35 /* DetailCrowdKereta.swift in Sources */ = {isa = PBXBuildFile; fileRef = 7150388E2A6648C800907C35 /* DetailCrowdKereta.swift */; };
		71C870F02A652BF500E7CDF9 /* Croid_MRTApp.swift in Sources */ = {isa = PBXBuildFile; fileRef = 71C870EF2A652BF500E7CDF9 /* Croid_MRTApp.swift */; };
		71C870F22A652BF500E7CDF9 /* ContentView.swift in Sources */ = {isa = PBXBuildFile; fileRef = 71C870F12A652BF500E7CDF9 /* ContentView.swift */; };
		71C870F42A652BF600E7CDF9 /* Assets.xcassets in Resources */ = {isa = PBXBuildFile; fileRef = 71C870F32A652BF600E7CDF9 /* Assets.xcassets */; };
		71C870F72A652BF600E7CDF9 /* Preview Assets.xcassets in Resources */ = {isa = PBXBuildFile; fileRef = 71C870F62A652BF600E7CDF9 /* Preview Assets.xcassets */; };
		71C871012A652BF600E7CDF9 /* Croid_MRTTests.swift in Sources */ = {isa = PBXBuildFile; fileRef = 71C871002A652BF600E7CDF9 /* Croid_MRTTests.swift */; };
		71C8710B2A652BF600E7CDF9 /* Croid_MRTUITests.swift in Sources */ = {isa = PBXBuildFile; fileRef = 71C8710A2A652BF600E7CDF9 /* Croid_MRTUITests.swift */; };
		71C8710D2A652BF600E7CDF9 /* Croid_MRTUITestsLaunchTests.swift in Sources */ = {isa = PBXBuildFile; fileRef = 71C8710C2A652BF600E7CDF9 /* Croid_MRTUITestsLaunchTests.swift */; };
/* End PBXBuildFile section */

/* Begin PBXContainerItemProxy section */
		71C870FD2A652BF600E7CDF9 /* PBXContainerItemProxy */ = {
			isa = PBXContainerItemProxy;
			containerPortal = 71C870E42A652BF500E7CDF9 /* Project object */;
			proxyType = 1;
			remoteGlobalIDString = 71C870EB2A652BF500E7CDF9;
			remoteInfo = "Croid-MRT";
		};
		71C871072A652BF600E7CDF9 /* PBXContainerItemProxy */ = {
			isa = PBXContainerItemProxy;
			containerPortal = 71C870E42A652BF500E7CDF9 /* Project object */;
			proxyType = 1;
			remoteGlobalIDString = 71C870EB2A652BF500E7CDF9;
			remoteInfo = "Croid-MRT";
		};
/* End PBXContainerItemProxy section */

/* Begin PBXFileReference section */
		432DD1DF2A68871800A3EE39 /* InfoCard.swift */ = {isa = PBXFileReference; lastKnownFileType = sourcecode.swift; path = InfoCard.swift; sourceTree = "<group>"; };
		432DD1E12A6887B700A3EE39 /* TrainInfoTab.swift */ = {isa = PBXFileReference; lastKnownFileType = sourcecode.swift; path = TrainInfoTab.swift; sourceTree = "<group>"; };
		43BCD5642A654ECD00904162 /* TrainInfoView.swift */ = {isa = PBXFileReference; lastKnownFileType = sourcecode.swift; path = TrainInfoView.swift; sourceTree = "<group>"; };
		43BCD5692A6682D000904162 /* Constants.swift */ = {isa = PBXFileReference; lastKnownFileType = sourcecode.swift; path = Constants.swift; sourceTree = "<group>"; };
		4CABA6F32A6552A6005193C5 /* WelcomePageView.swift */ = {isa = PBXFileReference; lastKnownFileType = sourcecode.swift; path = WelcomePageView.swift; sourceTree = "<group>"; };
		714BA6392A6541C30055DDA7 /* ModelData.swift */ = {isa = PBXFileReference; lastKnownFileType = sourcecode.swift; path = ModelData.swift; sourceTree = "<group>"; };
		714BA63B2A65420B0055DDA7 /* ItemModelData.swift */ = {isa = PBXFileReference; lastKnownFileType = sourcecode.swift; path = ItemModelData.swift; sourceTree = "<group>"; };
		714BA63E2A65562F0055DDA7 /* CustomButton.swift */ = {isa = PBXFileReference; lastKnownFileType = sourcecode.swift; path = CustomButton.swift; sourceTree = "<group>"; };
		7150388E2A6648C800907C35 /* DetailCrowdKereta.swift */ = {isa = PBXFileReference; lastKnownFileType = sourcecode.swift; path = DetailCrowdKereta.swift; sourceTree = "<group>"; };
		71C870EC2A652BF500E7CDF9 /* Croid-MRT.app */ = {isa = PBXFileReference; explicitFileType = wrapper.application; includeInIndex = 0; path = "Croid-MRT.app"; sourceTree = BUILT_PRODUCTS_DIR; };
		71C870EF2A652BF500E7CDF9 /* Croid_MRTApp.swift */ = {isa = PBXFileReference; lastKnownFileType = sourcecode.swift; path = Croid_MRTApp.swift; sourceTree = "<group>"; };
		71C870F12A652BF500E7CDF9 /* ContentView.swift */ = {isa = PBXFileReference; lastKnownFileType = sourcecode.swift; path = ContentView.swift; sourceTree = "<group>"; };
		71C870F32A652BF600E7CDF9 /* Assets.xcassets */ = {isa = PBXFileReference; lastKnownFileType = folder.assetcatalog; path = Assets.xcassets; sourceTree = "<group>"; };
		71C870F62A652BF600E7CDF9 /* Preview Assets.xcassets */ = {isa = PBXFileReference; lastKnownFileType = folder.assetcatalog; path = "Preview Assets.xcassets"; sourceTree = "<group>"; };
		71C870FC2A652BF600E7CDF9 /* Croid-MRTTests.xctest */ = {isa = PBXFileReference; explicitFileType = wrapper.cfbundle; includeInIndex = 0; path = "Croid-MRTTests.xctest"; sourceTree = BUILT_PRODUCTS_DIR; };
		71C871002A652BF600E7CDF9 /* Croid_MRTTests.swift */ = {isa = PBXFileReference; lastKnownFileType = sourcecode.swift; path = Croid_MRTTests.swift; sourceTree = "<group>"; };
		71C871062A652BF600E7CDF9 /* Croid-MRTUITests.xctest */ = {isa = PBXFileReference; explicitFileType = wrapper.cfbundle; includeInIndex = 0; path = "Croid-MRTUITests.xctest"; sourceTree = BUILT_PRODUCTS_DIR; };
		71C8710A2A652BF600E7CDF9 /* Croid_MRTUITests.swift */ = {isa = PBXFileReference; lastKnownFileType = sourcecode.swift; path = Croid_MRTUITests.swift; sourceTree = "<group>"; };
		71C8710C2A652BF600E7CDF9 /* Croid_MRTUITestsLaunchTests.swift */ = {isa = PBXFileReference; lastKnownFileType = sourcecode.swift; path = Croid_MRTUITestsLaunchTests.swift; sourceTree = "<group>"; };
/* End PBXFileReference section */

/* Begin PBXFrameworksBuildPhase section */
		71C870E92A652BF500E7CDF9 /* Frameworks */ = {
			isa = PBXFrameworksBuildPhase;
			buildActionMask = 2147483647;
			files = (
			);
			runOnlyForDeploymentPostprocessing = 0;
		};
		71C870F92A652BF600E7CDF9 /* Frameworks */ = {
			isa = PBXFrameworksBuildPhase;
			buildActionMask = 2147483647;
			files = (
			);
			runOnlyForDeploymentPostprocessing = 0;
		};
		71C871032A652BF600E7CDF9 /* Frameworks */ = {
			isa = PBXFrameworksBuildPhase;
			buildActionMask = 2147483647;
			files = (
			);
			runOnlyForDeploymentPostprocessing = 0;
		};
/* End PBXFrameworksBuildPhase section */

/* Begin PBXGroup section */
		43BCD5682A6682BE00904162 /* Constants */ = {
			isa = PBXGroup;
			children = (
				43BCD5692A6682D000904162 /* Constants.swift */,
			);
			path = Constants;
			sourceTree = "<group>";
		};
		714BA6382A65418A0055DDA7 /* Model */ = {
			isa = PBXGroup;
			children = (
				714BA6392A6541C30055DDA7 /* ModelData.swift */,
				714BA63B2A65420B0055DDA7 /* ItemModelData.swift */,
			);
			path = Model;
			sourceTree = "<group>";
		};
		714BA63D2A6556180055DDA7 /* Components */ = {
			isa = PBXGroup;
			children = (
				714BA63E2A65562F0055DDA7 /* CustomButton.swift */,
			);
			path = Components;
			sourceTree = "<group>";
		};
		71C870E32A652BF500E7CDF9 = {
			isa = PBXGroup;
			children = (
				71C870EE2A652BF500E7CDF9 /* Croid-MRT */,
				71C870FF2A652BF600E7CDF9 /* Croid-MRTTests */,
				71C871092A652BF600E7CDF9 /* Croid-MRTUITests */,
				71C870ED2A652BF500E7CDF9 /* Products */,
			);
			sourceTree = "<group>";
		};
		71C870ED2A652BF500E7CDF9 /* Products */ = {
			isa = PBXGroup;
			children = (
				71C870EC2A652BF500E7CDF9 /* Croid-MRT.app */,
				71C870FC2A652BF600E7CDF9 /* Croid-MRTTests.xctest */,
				71C871062A652BF600E7CDF9 /* Croid-MRTUITests.xctest */,
			);
			name = Products;
			sourceTree = "<group>";
		};
		71C870EE2A652BF500E7CDF9 /* Croid-MRT */ = {
			isa = PBXGroup;
			children = (
				714BA63D2A6556180055DDA7 /* Components */,
				43BCD5682A6682BE00904162 /* Constants */,
				71C870EF2A652BF500E7CDF9 /* Croid_MRTApp.swift */,
				7150388E2A6648C800907C35 /* DetailCrowdKereta.swift */,
				71C870F12A652BF500E7CDF9 /* ContentView.swift */,
				714BA6382A65418A0055DDA7 /* Model */,
				4CABA6F32A6552A6005193C5 /* WelcomePageView.swift */,
				43BCD5642A654ECD00904162 /* TrainInfoView.swift */,
				432DD1E12A6887B700A3EE39 /* TrainInfoTab.swift */,
				432DD1DF2A68871800A3EE39 /* InfoCard.swift */,
				71C870F32A652BF600E7CDF9 /* Assets.xcassets */,
				71C870F52A652BF600E7CDF9 /* Preview Content */,
			);
			path = "Croid-MRT";
			sourceTree = "<group>";
		};
		71C870F52A652BF600E7CDF9 /* Preview Content */ = {
			isa = PBXGroup;
			children = (
				71C870F62A652BF600E7CDF9 /* Preview Assets.xcassets */,
			);
			path = "Preview Content";
			sourceTree = "<group>";
		};
		71C870FF2A652BF600E7CDF9 /* Croid-MRTTests */ = {
			isa = PBXGroup;
			children = (
				71C871002A652BF600E7CDF9 /* Croid_MRTTests.swift */,
			);
			path = "Croid-MRTTests";
			sourceTree = "<group>";
		};
		71C871092A652BF600E7CDF9 /* Croid-MRTUITests */ = {
			isa = PBXGroup;
			children = (
				71C8710A2A652BF600E7CDF9 /* Croid_MRTUITests.swift */,
				71C8710C2A652BF600E7CDF9 /* Croid_MRTUITestsLaunchTests.swift */,
			);
			path = "Croid-MRTUITests";
			sourceTree = "<group>";
		};
/* End PBXGroup section */

/* Begin PBXNativeTarget section */
		71C870EB2A652BF500E7CDF9 /* Croid-MRT */ = {
			isa = PBXNativeTarget;
			buildConfigurationList = 71C871102A652BF600E7CDF9 /* Build configuration list for PBXNativeTarget "Croid-MRT" */;
			buildPhases = (
				71C870E82A652BF500E7CDF9 /* Sources */,
				71C870E92A652BF500E7CDF9 /* Frameworks */,
				71C870EA2A652BF500E7CDF9 /* Resources */,
			);
			buildRules = (
			);
			dependencies = (
			);
			name = "Croid-MRT";
			productName = "Croid-MRT";
			productReference = 71C870EC2A652BF500E7CDF9 /* Croid-MRT.app */;
			productType = "com.apple.product-type.application";
		};
		71C870FB2A652BF600E7CDF9 /* Croid-MRTTests */ = {
			isa = PBXNativeTarget;
			buildConfigurationList = 71C871132A652BF600E7CDF9 /* Build configuration list for PBXNativeTarget "Croid-MRTTests" */;
			buildPhases = (
				71C870F82A652BF600E7CDF9 /* Sources */,
				71C870F92A652BF600E7CDF9 /* Frameworks */,
				71C870FA2A652BF600E7CDF9 /* Resources */,
			);
			buildRules = (
			);
			dependencies = (
				71C870FE2A652BF600E7CDF9 /* PBXTargetDependency */,
			);
			name = "Croid-MRTTests";
			productName = "Croid-MRTTests";
			productReference = 71C870FC2A652BF600E7CDF9 /* Croid-MRTTests.xctest */;
			productType = "com.apple.product-type.bundle.unit-test";
		};
		71C871052A652BF600E7CDF9 /* Croid-MRTUITests */ = {
			isa = PBXNativeTarget;
			buildConfigurationList = 71C871162A652BF600E7CDF9 /* Build configuration list for PBXNativeTarget "Croid-MRTUITests" */;
			buildPhases = (
				71C871022A652BF600E7CDF9 /* Sources */,
				71C871032A652BF600E7CDF9 /* Frameworks */,
				71C871042A652BF600E7CDF9 /* Resources */,
			);
			buildRules = (
			);
			dependencies = (
				71C871082A652BF600E7CDF9 /* PBXTargetDependency */,
			);
			name = "Croid-MRTUITests";
			productName = "Croid-MRTUITests";
			productReference = 71C871062A652BF600E7CDF9 /* Croid-MRTUITests.xctest */;
			productType = "com.apple.product-type.bundle.ui-testing";
		};
/* End PBXNativeTarget section */

/* Begin PBXProject section */
		71C870E42A652BF500E7CDF9 /* Project object */ = {
			isa = PBXProject;
			attributes = {
				BuildIndependentTargetsInParallel = 1;
				LastSwiftUpdateCheck = 1430;
				LastUpgradeCheck = 1430;
				TargetAttributes = {
					71C870EB2A652BF500E7CDF9 = {
						CreatedOnToolsVersion = 14.3.1;
					};
					71C870FB2A652BF600E7CDF9 = {
						CreatedOnToolsVersion = 14.3.1;
						TestTargetID = 71C870EB2A652BF500E7CDF9;
					};
					71C871052A652BF600E7CDF9 = {
						CreatedOnToolsVersion = 14.3.1;
						TestTargetID = 71C870EB2A652BF500E7CDF9;
					};
				};
			};
			buildConfigurationList = 71C870E72A652BF500E7CDF9 /* Build configuration list for PBXProject "Croid-MRT" */;
			compatibilityVersion = "Xcode 14.0";
			developmentRegion = en;
			hasScannedForEncodings = 0;
			knownRegions = (
				en,
				Base,
			);
			mainGroup = 71C870E32A652BF500E7CDF9;
			productRefGroup = 71C870ED2A652BF500E7CDF9 /* Products */;
			projectDirPath = "";
			projectRoot = "";
			targets = (
				71C870EB2A652BF500E7CDF9 /* Croid-MRT */,
				71C870FB2A652BF600E7CDF9 /* Croid-MRTTests */,
				71C871052A652BF600E7CDF9 /* Croid-MRTUITests */,
			);
		};
/* End PBXProject section */

/* Begin PBXResourcesBuildPhase section */
		71C870EA2A652BF500E7CDF9 /* Resources */ = {
			isa = PBXResourcesBuildPhase;
			buildActionMask = 2147483647;
			files = (
				71C870F72A652BF600E7CDF9 /* Preview Assets.xcassets in Resources */,
				71C870F42A652BF600E7CDF9 /* Assets.xcassets in Resources */,
			);
			runOnlyForDeploymentPostprocessing = 0;
		};
		71C870FA2A652BF600E7CDF9 /* Resources */ = {
			isa = PBXResourcesBuildPhase;
			buildActionMask = 2147483647;
			files = (
			);
			runOnlyForDeploymentPostprocessing = 0;
		};
		71C871042A652BF600E7CDF9 /* Resources */ = {
			isa = PBXResourcesBuildPhase;
			buildActionMask = 2147483647;
			files = (
			);
			runOnlyForDeploymentPostprocessing = 0;
		};
/* End PBXResourcesBuildPhase section */

/* Begin PBXSourcesBuildPhase section */
		71C870E82A652BF500E7CDF9 /* Sources */ = {
			isa = PBXSourcesBuildPhase;
			buildActionMask = 2147483647;
			files = (
				714BA63C2A65420B0055DDA7 /* ItemModelData.swift in Sources */,
				7150388F2A6648C800907C35 /* DetailCrowdKereta.swift in Sources */,
				714BA63A2A6541C30055DDA7 /* ModelData.swift in Sources */,
				714BA63F2A65562F0055DDA7 /* CustomButton.swift in Sources */,
				4CABA6F42A6552A6005193C5 /* WelcomePageView.swift in Sources */,
				432DD1E22A6887B700A3EE39 /* TrainInfoTab.swift in Sources */,
				71C870F22A652BF500E7CDF9 /* ContentView.swift in Sources */,
				43BCD5652A654ECD00904162 /* TrainInfoView.swift in Sources */,
				71C870F02A652BF500E7CDF9 /* Croid_MRTApp.swift in Sources */,
				43BCD56A2A6682D000904162 /* Constants.swift in Sources */,
				432DD1E02A68871800A3EE39 /* InfoCard.swift in Sources */,
			);
			runOnlyForDeploymentPostprocessing = 0;
		};
		71C870F82A652BF600E7CDF9 /* Sources */ = {
			isa = PBXSourcesBuildPhase;
			buildActionMask = 2147483647;
			files = (
				71C871012A652BF600E7CDF9 /* Croid_MRTTests.swift in Sources */,
			);
			runOnlyForDeploymentPostprocessing = 0;
		};
		71C871022A652BF600E7CDF9 /* Sources */ = {
			isa = PBXSourcesBuildPhase;
			buildActionMask = 2147483647;
			files = (
				71C8710D2A652BF600E7CDF9 /* Croid_MRTUITestsLaunchTests.swift in Sources */,
				71C8710B2A652BF600E7CDF9 /* Croid_MRTUITests.swift in Sources */,
			);
			runOnlyForDeploymentPostprocessing = 0;
		};
/* End PBXSourcesBuildPhase section */

/* Begin PBXTargetDependency section */
		71C870FE2A652BF600E7CDF9 /* PBXTargetDependency */ = {
			isa = PBXTargetDependency;
			target = 71C870EB2A652BF500E7CDF9 /* Croid-MRT */;
			targetProxy = 71C870FD2A652BF600E7CDF9 /* PBXContainerItemProxy */;
		};
		71C871082A652BF600E7CDF9 /* PBXTargetDependency */ = {
			isa = PBXTargetDependency;
			target = 71C870EB2A652BF500E7CDF9 /* Croid-MRT */;
			targetProxy = 71C871072A652BF600E7CDF9 /* PBXContainerItemProxy */;
		};
/* End PBXTargetDependency section */

/* Begin XCBuildConfiguration section */
		71C8710E2A652BF600E7CDF9 /* Debug */ = {
			isa = XCBuildConfiguration;
			buildSettings = {
				ALWAYS_SEARCH_USER_PATHS = NO;
				CLANG_ANALYZER_NONNULL = YES;
				CLANG_ANALYZER_NUMBER_OBJECT_CONVERSION = YES_AGGRESSIVE;
				CLANG_CXX_LANGUAGE_STANDARD = "gnu++20";
				CLANG_ENABLE_MODULES = YES;
				CLANG_ENABLE_OBJC_ARC = YES;
				CLANG_ENABLE_OBJC_WEAK = YES;
				CLANG_WARN_BLOCK_CAPTURE_AUTORELEASING = YES;
				CLANG_WARN_BOOL_CONVERSION = YES;
				CLANG_WARN_COMMA = YES;
				CLANG_WARN_CONSTANT_CONVERSION = YES;
				CLANG_WARN_DEPRECATED_OBJC_IMPLEMENTATIONS = YES;
				CLANG_WARN_DIRECT_OBJC_ISA_USAGE = YES_ERROR;
				CLANG_WARN_DOCUMENTATION_COMMENTS = YES;
				CLANG_WARN_EMPTY_BODY = YES;
				CLANG_WARN_ENUM_CONVERSION = YES;
				CLANG_WARN_INFINITE_RECURSION = YES;
				CLANG_WARN_INT_CONVERSION = YES;
				CLANG_WARN_NON_LITERAL_NULL_CONVERSION = YES;
				CLANG_WARN_OBJC_IMPLICIT_RETAIN_SELF = YES;
				CLANG_WARN_OBJC_LITERAL_CONVERSION = YES;
				CLANG_WARN_OBJC_ROOT_CLASS = YES_ERROR;
				CLANG_WARN_QUOTED_INCLUDE_IN_FRAMEWORK_HEADER = YES;
				CLANG_WARN_RANGE_LOOP_ANALYSIS = YES;
				CLANG_WARN_STRICT_PROTOTYPES = YES;
				CLANG_WARN_SUSPICIOUS_MOVE = YES;
				CLANG_WARN_UNGUARDED_AVAILABILITY = YES_AGGRESSIVE;
				CLANG_WARN_UNREACHABLE_CODE = YES;
				CLANG_WARN__DUPLICATE_METHOD_MATCH = YES;
				COPY_PHASE_STRIP = NO;
				DEBUG_INFORMATION_FORMAT = dwarf;
				ENABLE_STRICT_OBJC_MSGSEND = YES;
				ENABLE_TESTABILITY = YES;
				GCC_C_LANGUAGE_STANDARD = gnu11;
				GCC_DYNAMIC_NO_PIC = NO;
				GCC_NO_COMMON_BLOCKS = YES;
				GCC_OPTIMIZATION_LEVEL = 0;
				GCC_PREPROCESSOR_DEFINITIONS = (
					"DEBUG=1",
					"$(inherited)",
				);
				GCC_WARN_64_TO_32_BIT_CONVERSION = YES;
				GCC_WARN_ABOUT_RETURN_TYPE = YES_ERROR;
				GCC_WARN_UNDECLARED_SELECTOR = YES;
				GCC_WARN_UNINITIALIZED_AUTOS = YES_AGGRESSIVE;
				GCC_WARN_UNUSED_FUNCTION = YES;
				GCC_WARN_UNUSED_VARIABLE = YES;
				IPHONEOS_DEPLOYMENT_TARGET = 16.4;
				MTL_ENABLE_DEBUG_INFO = INCLUDE_SOURCE;
				MTL_FAST_MATH = YES;
				ONLY_ACTIVE_ARCH = YES;
				SDKROOT = iphoneos;
				SWIFT_ACTIVE_COMPILATION_CONDITIONS = DEBUG;
				SWIFT_OPTIMIZATION_LEVEL = "-Onone";
			};
			name = Debug;
		};
		71C8710F2A652BF600E7CDF9 /* Release */ = {
			isa = XCBuildConfiguration;
			buildSettings = {
				ALWAYS_SEARCH_USER_PATHS = NO;
				CLANG_ANALYZER_NONNULL = YES;
				CLANG_ANALYZER_NUMBER_OBJECT_CONVERSION = YES_AGGRESSIVE;
				CLANG_CXX_LANGUAGE_STANDARD = "gnu++20";
				CLANG_ENABLE_MODULES = YES;
				CLANG_ENABLE_OBJC_ARC = YES;
				CLANG_ENABLE_OBJC_WEAK = YES;
				CLANG_WARN_BLOCK_CAPTURE_AUTORELEASING = YES;
				CLANG_WARN_BOOL_CONVERSION = YES;
				CLANG_WARN_COMMA = YES;
				CLANG_WARN_CONSTANT_CONVERSION = YES;
				CLANG_WARN_DEPRECATED_OBJC_IMPLEMENTATIONS = YES;
				CLANG_WARN_DIRECT_OBJC_ISA_USAGE = YES_ERROR;
				CLANG_WARN_DOCUMENTATION_COMMENTS = YES;
				CLANG_WARN_EMPTY_BODY = YES;
				CLANG_WARN_ENUM_CONVERSION = YES;
				CLANG_WARN_INFINITE_RECURSION = YES;
				CLANG_WARN_INT_CONVERSION = YES;
				CLANG_WARN_NON_LITERAL_NULL_CONVERSION = YES;
				CLANG_WARN_OBJC_IMPLICIT_RETAIN_SELF = YES;
				CLANG_WARN_OBJC_LITERAL_CONVERSION = YES;
				CLANG_WARN_OBJC_ROOT_CLASS = YES_ERROR;
				CLANG_WARN_QUOTED_INCLUDE_IN_FRAMEWORK_HEADER = YES;
				CLANG_WARN_RANGE_LOOP_ANALYSIS = YES;
				CLANG_WARN_STRICT_PROTOTYPES = YES;
				CLANG_WARN_SUSPICIOUS_MOVE = YES;
				CLANG_WARN_UNGUARDED_AVAILABILITY = YES_AGGRESSIVE;
				CLANG_WARN_UNREACHABLE_CODE = YES;
				CLANG_WARN__DUPLICATE_METHOD_MATCH = YES;
				COPY_PHASE_STRIP = NO;
				DEBUG_INFORMATION_FORMAT = "dwarf-with-dsym";
				ENABLE_NS_ASSERTIONS = NO;
				ENABLE_STRICT_OBJC_MSGSEND = YES;
				GCC_C_LANGUAGE_STANDARD = gnu11;
				GCC_NO_COMMON_BLOCKS = YES;
				GCC_WARN_64_TO_32_BIT_CONVERSION = YES;
				GCC_WARN_ABOUT_RETURN_TYPE = YES_ERROR;
				GCC_WARN_UNDECLARED_SELECTOR = YES;
				GCC_WARN_UNINITIALIZED_AUTOS = YES_AGGRESSIVE;
				GCC_WARN_UNUSED_FUNCTION = YES;
				GCC_WARN_UNUSED_VARIABLE = YES;
				IPHONEOS_DEPLOYMENT_TARGET = 16.4;
				MTL_ENABLE_DEBUG_INFO = NO;
				MTL_FAST_MATH = YES;
				SDKROOT = iphoneos;
				SWIFT_COMPILATION_MODE = wholemodule;
				SWIFT_OPTIMIZATION_LEVEL = "-O";
				VALIDATE_PRODUCT = YES;
			};
			name = Release;
		};
		71C871112A652BF600E7CDF9 /* Debug */ = {
			isa = XCBuildConfiguration;
			buildSettings = {
				ASSETCATALOG_COMPILER_APPICON_NAME = AppIcon;
				ASSETCATALOG_COMPILER_GLOBAL_ACCENT_COLOR_NAME = AccentColor;
				CODE_SIGN_STYLE = Automatic;
				CURRENT_PROJECT_VERSION = 1;
				DEVELOPMENT_ASSET_PATHS = "\"Croid-MRT/Preview Content\"";
				DEVELOPMENT_TEAM = Y26Y6AQK69;
				ENABLE_PREVIEWS = YES;
				GENERATE_INFOPLIST_FILE = YES;
				INFOPLIST_KEY_UIApplicationSceneManifest_Generation = YES;
				INFOPLIST_KEY_UIApplicationSupportsIndirectInputEvents = YES;
				INFOPLIST_KEY_UILaunchScreen_Generation = YES;
				INFOPLIST_KEY_UISupportedInterfaceOrientations_iPad = "UIInterfaceOrientationPortrait UIInterfaceOrientationPortraitUpsideDown UIInterfaceOrientationLandscapeLeft UIInterfaceOrientationLandscapeRight";
				INFOPLIST_KEY_UISupportedInterfaceOrientations_iPhone = "UIInterfaceOrientationPortrait UIInterfaceOrientationLandscapeLeft UIInterfaceOrientationLandscapeRight";
				LD_RUNPATH_SEARCH_PATHS = (
					"$(inherited)",
					"@executable_path/Frameworks",
				);
				MARKETING_VERSION = 1.0;
				PRODUCT_BUNDLE_IDENTIFIER = "gaizka.Croid-MRT";
				PRODUCT_NAME = "$(TARGET_NAME)";
				SWIFT_EMIT_LOC_STRINGS = YES;
				SWIFT_VERSION = 5.0;
				TARGETED_DEVICE_FAMILY = "1,2";
			};
			name = Debug;
		};
		71C871122A652BF600E7CDF9 /* Release */ = {
			isa = XCBuildConfiguration;
			buildSettings = {
				ASSETCATALOG_COMPILER_APPICON_NAME = AppIcon;
				ASSETCATALOG_COMPILER_GLOBAL_ACCENT_COLOR_NAME = AccentColor;
				CODE_SIGN_STYLE = Automatic;
				CURRENT_PROJECT_VERSION = 1;
				DEVELOPMENT_ASSET_PATHS = "\"Croid-MRT/Preview Content\"";
				DEVELOPMENT_TEAM = Y26Y6AQK69;
				ENABLE_PREVIEWS = YES;
				GENERATE_INFOPLIST_FILE = YES;
				INFOPLIST_KEY_UIApplicationSceneManifest_Generation = YES;
				INFOPLIST_KEY_UIApplicationSupportsIndirectInputEvents = YES;
				INFOPLIST_KEY_UILaunchScreen_Generation = YES;
				INFOPLIST_KEY_UISupportedInterfaceOrientations_iPad = "UIInterfaceOrientationPortrait UIInterfaceOrientationPortraitUpsideDown UIInterfaceOrientationLandscapeLeft UIInterfaceOrientationLandscapeRight";
				INFOPLIST_KEY_UISupportedInterfaceOrientations_iPhone = "UIInterfaceOrientationPortrait UIInterfaceOrientationLandscapeLeft UIInterfaceOrientationLandscapeRight";
				LD_RUNPATH_SEARCH_PATHS = (
					"$(inherited)",
					"@executable_path/Frameworks",
				);
				MARKETING_VERSION = 1.0;
				PRODUCT_BUNDLE_IDENTIFIER = "gaizka.Croid-MRT";
				PRODUCT_NAME = "$(TARGET_NAME)";
				SWIFT_EMIT_LOC_STRINGS = YES;
				SWIFT_VERSION = 5.0;
				TARGETED_DEVICE_FAMILY = "1,2";
			};
			name = Release;
		};
		71C871142A652BF600E7CDF9 /* Debug */ = {
			isa = XCBuildConfiguration;
			buildSettings = {
				ALWAYS_EMBED_SWIFT_STANDARD_LIBRARIES = YES;
				BUNDLE_LOADER = "$(TEST_HOST)";
				CODE_SIGN_STYLE = Automatic;
				CURRENT_PROJECT_VERSION = 1;
				DEVELOPMENT_TEAM = Y26Y6AQK69;
				GENERATE_INFOPLIST_FILE = YES;
				IPHONEOS_DEPLOYMENT_TARGET = 16.4;
				MARKETING_VERSION = 1.0;
				PRODUCT_BUNDLE_IDENTIFIER = "gaizka.Croid-MRTTests";
				PRODUCT_NAME = "$(TARGET_NAME)";
				SWIFT_EMIT_LOC_STRINGS = NO;
				SWIFT_VERSION = 5.0;
				TARGETED_DEVICE_FAMILY = "1,2";
				TEST_HOST = "$(BUILT_PRODUCTS_DIR)/Croid-MRT.app/$(BUNDLE_EXECUTABLE_FOLDER_PATH)/Croid-MRT";
			};
			name = Debug;
		};
		71C871152A652BF600E7CDF9 /* Release */ = {
			isa = XCBuildConfiguration;
			buildSettings = {
				ALWAYS_EMBED_SWIFT_STANDARD_LIBRARIES = YES;
				BUNDLE_LOADER = "$(TEST_HOST)";
				CODE_SIGN_STYLE = Automatic;
				CURRENT_PROJECT_VERSION = 1;
				DEVELOPMENT_TEAM = Y26Y6AQK69;
				GENERATE_INFOPLIST_FILE = YES;
				IPHONEOS_DEPLOYMENT_TARGET = 16.4;
				MARKETING_VERSION = 1.0;
				PRODUCT_BUNDLE_IDENTIFIER = "gaizka.Croid-MRTTests";
				PRODUCT_NAME = "$(TARGET_NAME)";
				SWIFT_EMIT_LOC_STRINGS = NO;
				SWIFT_VERSION = 5.0;
				TARGETED_DEVICE_FAMILY = "1,2";
				TEST_HOST = "$(BUILT_PRODUCTS_DIR)/Croid-MRT.app/$(BUNDLE_EXECUTABLE_FOLDER_PATH)/Croid-MRT";
			};
			name = Release;
		};
		71C871172A652BF600E7CDF9 /* Debug */ = {
			isa = XCBuildConfiguration;
			buildSettings = {
				ALWAYS_EMBED_SWIFT_STANDARD_LIBRARIES = YES;
				CODE_SIGN_STYLE = Automatic;
				CURRENT_PROJECT_VERSION = 1;
				DEVELOPMENT_TEAM = Y26Y6AQK69;
				GENERATE_INFOPLIST_FILE = YES;
				MARKETING_VERSION = 1.0;
				PRODUCT_BUNDLE_IDENTIFIER = "gaizka.Croid-MRTUITests";
				PRODUCT_NAME = "$(TARGET_NAME)";
				SWIFT_EMIT_LOC_STRINGS = NO;
				SWIFT_VERSION = 5.0;
				TARGETED_DEVICE_FAMILY = "1,2";
				TEST_TARGET_NAME = "Croid-MRT";
			};
			name = Debug;
		};
		71C871182A652BF600E7CDF9 /* Release */ = {
			isa = XCBuildConfiguration;
			buildSettings = {
				ALWAYS_EMBED_SWIFT_STANDARD_LIBRARIES = YES;
				CODE_SIGN_STYLE = Automatic;
				CURRENT_PROJECT_VERSION = 1;
				DEVELOPMENT_TEAM = Y26Y6AQK69;
				GENERATE_INFOPLIST_FILE = YES;
				MARKETING_VERSION = 1.0;
				PRODUCT_BUNDLE_IDENTIFIER = "gaizka.Croid-MRTUITests";
				PRODUCT_NAME = "$(TARGET_NAME)";
				SWIFT_EMIT_LOC_STRINGS = NO;
				SWIFT_VERSION = 5.0;
				TARGETED_DEVICE_FAMILY = "1,2";
				TEST_TARGET_NAME = "Croid-MRT";
			};
			name = Release;
		};
/* End XCBuildConfiguration section */

/* Begin XCConfigurationList section */
		71C870E72A652BF500E7CDF9 /* Build configuration list for PBXProject "Croid-MRT" */ = {
			isa = XCConfigurationList;
			buildConfigurations = (
				71C8710E2A652BF600E7CDF9 /* Debug */,
				71C8710F2A652BF600E7CDF9 /* Release */,
			);
			defaultConfigurationIsVisible = 0;
			defaultConfigurationName = Release;
		};
		71C871102A652BF600E7CDF9 /* Build configuration list for PBXNativeTarget "Croid-MRT" */ = {
			isa = XCConfigurationList;
			buildConfigurations = (
				71C871112A652BF600E7CDF9 /* Debug */,
				71C871122A652BF600E7CDF9 /* Release */,
			);
			defaultConfigurationIsVisible = 0;
			defaultConfigurationName = Release;
		};
		71C871132A652BF600E7CDF9 /* Build configuration list for PBXNativeTarget "Croid-MRTTests" */ = {
			isa = XCConfigurationList;
			buildConfigurations = (
				71C871142A652BF600E7CDF9 /* Debug */,
				71C871152A652BF600E7CDF9 /* Release */,
			);
			defaultConfigurationIsVisible = 0;
			defaultConfigurationName = Release;
		};
		71C871162A652BF600E7CDF9 /* Build configuration list for PBXNativeTarget "Croid-MRTUITests" */ = {
			isa = XCConfigurationList;
			buildConfigurations = (
				71C871172A652BF600E7CDF9 /* Debug */,
				71C871182A652BF600E7CDF9 /* Release */,
			);
			defaultConfigurationIsVisible = 0;
			defaultConfigurationName = Release;
		};
/* End XCConfigurationList section */
	};
	rootObject = 71C870E42A652BF500E7CDF9 /* Project object */;
}
